{
  "name": "@techstark/opencv-js",
  "version": "4.5.4-release.1",
  "lockfileVersion": 2,
  "requires": true,
  "packages": {
    "": {
      "name": "@techstark/opencv-js",
      "version": "4.5.4-release.1",
      "license": "Apache-2.0",
      "dependencies": {
        "mirada": "^0.0.15"
      }
    },
    "node_modules/base64-js": {
      "version": "1.5.1",
      "resolved": "https://registry.npmjs.org/base64-js/-/base64-js-1.5.1.tgz",
      "integrity": "sha512-AKpaYlHn8t4SVbOHCy+b5+KKgvR4vrsD8vbvrbiQJps7fKDTkjkDry6ji0rUJjC0kzbNePLwzxq8iypo41qeWA=="
    },
    "node_modules/buffer": {
      "version": "5.7.1",
      "resolved": "https://registry.npmjs.org/buffer/-/buffer-5.7.1.tgz",
      "integrity": "sha512-EHcyIPBQ4BSGlvjB16k5KgAJ27CIsHY/2JBmCRReo48y9rQ3MaUzWX3KVlBa4U7MyX02HdVj0K7C3WaB3ju7FQ==",
      "dependencies": {
        "base64-js": "^1.3.1",
        "ieee754": "^1.1.13"
      }
    },
    "node_modules/cross-fetch": {
      "version": "3.0.6",
      "resolved": "https://registry.npmjs.org/cross-fetch/-/cross-fetch-3.0.6.tgz",
      "integrity": "sha512-KBPUbqgFjzWlVcURG+Svp9TlhA5uliYtiNx/0r8nv0pdypeQCRJ9IaSIc3q/x3q8t3F75cHuwxVql1HFGHCNJQ==",
      "dependencies": {
        "node-fetch": "2.6.1"
      }
    },
    "node_modules/file-type": {
      "version": "12.4.2",
      "resolved": "https://registry.npmjs.org/file-type/-/file-type-12.4.2.tgz",
      "integrity": "sha512-UssQP5ZgIOKelfsaB5CuGAL+Y+q7EmONuiwF3N5HAH0t27rvrttgi6Ra9k/+DVaY9UF6+ybxu5pOXLUdA8N7Vg==",
      "engines": {
        "node": ">=8"
      }
    },
    "node_modules/ieee754": {
      "version": "1.2.1",
      "resolved": "https://registry.npmjs.org/ieee754/-/ieee754-1.2.1.tgz",
      "integrity": "sha512-dcyqhDvX1C46lXZcVqCpK+FtMRQVdIMN6/Df5js2zouUsqG7I6sFxitIC+7KYK29KdXOLHdu9zL4sFnoVQnqaA=="
    },
    "node_modules/mirada": {
      "version": "0.0.15",
      "resolved": "https://registry.npmjs.org/mirada/-/mirada-0.0.15.tgz",
      "integrity": "sha512-mbm4c+wjBVcmUzHRLv/TfOAq+iy03D24KwGxx8H+NSXkD5EOZV9zFWbVxTvZCc9XwR0FIUhryU/kQm12SMSQ3g==",
      "dependencies": {
        "buffer": "^5.4.3",
        "cross-fetch": "^3.0.4",
        "file-type": "^12.3.0",
        "misc-utils-of-mine-generic": "^0.2.31"
      }
    },
    "node_modules/misc-utils-of-mine-generic": {
      "version": "0.2.37",
      "resolved": "https://registry.npmjs.org/misc-utils-of-mine-generic/-/misc-utils-of-mine-generic-0.2.37.tgz",
      "integrity": "sha512-MfuMmkEJbzs0MANgXABv37wNG6iQFcWOXb4ZRwwxPz/cdg8dtny8NGFVXf2jb/yH5Z4dA8YAwCpBoAHeQsySXA=="
    },
    "node_modules/node-fetch": {
      "version": "2.6.1",
      "resolved": "https://registry.npmjs.org/node-fetch/-/node-fetch-2.6.1.tgz",
      "integrity": "sha512-V4aYg89jEoVRxRb2fJdAg8FHvI7cEyYdVAh94HH0UIK8oJxUfkjlDQN9RbMx+bEjP7+ggMiFRprSti032Oipxw==",
      "engines": {
        "node": "4.x || >=6.0.0"
      }
    }
  },
  "dependencies": {
    "base64-js": {
      "version": "1.5.1",
      "resolved": "https://registry.npmjs.org/base64-js/-/base64-js-1.5.1.tgz",
      "integrity": "sha512-AKpaYlHn8t4SVbOHCy+b5+KKgvR4vrsD8vbvrbiQJps7fKDTkjkDry6ji0rUJjC0kzbNePLwzxq8iypo41qeWA=="
    },
    "buffer": {
      "version": "5.7.1",
      "resolved": "https://registry.npmjs.org/buffer/-/buffer-5.7.1.tgz",
      "integrity": "sha512-EHcyIPBQ4BSGlvjB16k5KgAJ27CIsHY/2JBmCRReo48y9rQ3MaUzWX3KVlBa4U7MyX02HdVj0K7C3WaB3ju7FQ==",
      "requires": {
        "base64-js": "^1.3.1",
        "ieee754": "^1.1.13"
      }
    },
    "cross-fetch": {
      "version": "3.0.6",
      "resolved": "https://registry.npmjs.org/cross-fetch/-/cross-fetch-3.0.6.tgz",
      "integrity": "sha512-KBPUbqgFjzWlVcURG+Svp9TlhA5uliYtiNx/0r8nv0pdypeQCRJ9IaSIc3q/x3q8t3F75cHuwxVql1HFGHCNJQ==",
      "requires": {
        "node-fetch": "2.6.1"
      }
    },
    "file-type": {
      "version": "12.4.2",
      "resolved": "https://registry.npmjs.org/file-type/-/file-type-12.4.2.tgz",
      "integrity": "sha512-UssQP5ZgIOKelfsaB5CuGAL+Y+q7EmONuiwF3N5HAH0t27rvrttgi6Ra9k/+DVaY9UF6+ybxu5pOXLUdA8N7Vg=="
    },
    "ieee754": {
      "version": "1.2.1",
      "resolved": "https://registry.npmjs.org/ieee754/-/ieee754-1.2.1.tgz",
      "integrity": "sha512-dcyqhDvX1C46lXZcVqCpK+FtMRQVdIMN6/Df5js2zouUsqG7I6sFxitIC+7KYK29KdXOLHdu9zL4sFnoVQnqaA=="
    },
    "mirada": {
      "version": "0.0.15",
      "resolved": "https://registry.npmjs.org/mirada/-/mirada-0.0.15.tgz",
      "integrity": "sha512-mbm4c+wjBVcmUzHRLv/TfOAq+iy03D24KwGxx8H+NSXkD5EOZV9zFWbVxTvZCc9XwR0FIUhryU/kQm12SMSQ3g==",
      "requires": {
        "buffer": "^5.4.3",
        "cross-fetch": "^3.0.4",
        "file-type": "^12.3.0",
        "misc-utils-of-mine-generic": "^0.2.31"
      }
    },
    "misc-utils-of-mine-generic": {
      "version": "0.2.37",
      "resolved": "https://registry.npmjs.org/misc-utils-of-mine-generic/-/misc-utils-of-mine-generic-0.2.37.tgz",
      "integrity": "sha512-MfuMmkEJbzs0MANgXABv37wNG6iQFcWOXb4ZRwwxPz/cdg8dtny8NGFVXf2jb/yH5Z4dA8YAwCpBoAHeQsySXA=="
    },
    "node-fetch": {
      "version": "2.6.1",
      "resolved": "https://registry.npmjs.org/node-fetch/-/node-fetch-2.6.1.tgz",
      "integrity": "sha512-V4aYg89jEoVRxRb2fJdAg8FHvI7cEyYdVAh94HH0UIK8oJxUfkjlDQN9RbMx+bEjP7+ggMiFRprSti032Oipxw=="
    }
  }
}
